
Microsoft Visual Studio Solution File, Format Version 12.00
# Visual Studio Version 17
VisualStudioVersion = 17.7.34202.233
MinimumVisualStudioVersion = 10.0.40219.1
Project("{FAE04EC0-301F-11D3-BF4B-00C04F79EFBC}") = "WindowsFormsApp6", "WindowsFormsApp6\WindowsFormsApp6.csproj", "{416AE699-228F-4123-9B62-C39FFEE31CFF}"
EndProject
Global
	GlobalSection(SolutionConfigurationPlatforms) = preSolution
		Debug|Any CPU = Debug|Any CPU
		Release|Any CPU = Release|Any CPU
	EndGlobalSection
	GlobalSection(ProjectConfigurationPlatforms) = postSolution
		{416AE699-228F-4123-9B62-C39FFEE31CFF}.Debug|Any CPU.ActiveCfg = Debug|Any CPU
		{416AE699-228F-4123-9B62-C39FFEE31CFF}.Debug|Any CPU.Build.0 = Debug|Any CPU
		{416AE699-228F-4123-9B62-C39FFEE31CFF}.Release|Any CPU.ActiveCfg = Release|Any CPU
		{416AE699-228F-4123-9B62-C39FFEE31CFF}.Release|Any CPU.Build.0 = Release|Any CPU
	EndGlobalSection
	GlobalSection(SolutionProperties) = preSolution
		HideSolutionNode = FALSE
	EndGlobalSection
	GlobalSection(ExtensibilityGlobals) = postSolution
		SolutionGuid = {1163EEEF-8156-4DC2-8AD0-73C7947A6FE3}
	EndGlobalSection
EndGlobal
